{
  "pins" : [
    {
      "identity" : "multilinetextview",
      "kind" : "remoteSourceControl",
      "location" : "https://github.com/stateman92/MultilineTextView",
      "state" : {
        "revision" : "bbcbe385649789de04145c4dbc6ab52113015097",
        "version" : "0.0.3"
      }
    }
  ],
  "version" : 2
}
