{
  "pins" : [
    {
      "identity" : "multilinetextview",
      "kind" : "remoteSourceControl",
      "location" : "https://github.com/stateman92/MultilineTextView",
      "state" : {
        "revision" : "18a70c65d67a653a63f57ff35cff8f07dd6cdf02",
        "version" : "0.0.6"
      }
    }
  ],
  "version" : 2
}
